// !$*UTF8*$!
{
	archiveVersion = 1;
	classes = {
	};
	objectVersion = 48;
	objects = {

/* Begin PBXBuildFile section */
		15314F921FE2E43D00F91980 /* matchTableViewCell.swift in Sources */ = {isa = PBXBuildFile; fileRef = 15314F911FE2E43D00F91980 /* matchTableViewCell.swift */; };
		159AA7EA1FDF1657009084A1 /* loginViewController.swift in Sources */ = {isa = PBXBuildFile; fileRef = 159AA7E91FDF1657009084A1 /* loginViewController.swift */; };
		159AA7EC1FDF4F8C009084A1 /* user.png in Resources */ = {isa = PBXBuildFile; fileRef = 159AA7EB1FDF4F8C009084A1 /* user.png */; };
		159AA7F01FDF50C7009084A1 /* updateViewController.swift in Sources */ = {isa = PBXBuildFile; fileRef = 159AA7EF1FDF50C7009084A1 /* updateViewController.swift */; };
		15D925461FE1E132001D58E7 /* matchesViewController.swift in Sources */ = {isa = PBXBuildFile; fileRef = 15D925451FE1E132001D58E7 /* matchesViewController.swift */; };
		15EB73341FDE27C200FC595F /* AppDelegate.swift in Sources */ = {isa = PBXBuildFile; fileRef = 15EB73331FDE27C200FC595F /* AppDelegate.swift */; };
		15EB73361FDE27C200FC595F /* ViewController.swift in Sources */ = {isa = PBXBuildFile; fileRef = 15EB73351FDE27C200FC595F /* ViewController.swift */; };
		15EB73391FDE27C200FC595F /* Main.storyboard in Resources */ = {isa = PBXBuildFile; fileRef = 15EB73371FDE27C200FC595F /* Main.storyboard */; };
		15EB733B1FDE27C200FC595F /* Assets.xcassets in Resources */ = {isa = PBXBuildFile; fileRef = 15EB733A1FDE27C200FC595F /* Assets.xcassets */; };
		15EB733E1FDE27C200FC595F /* LaunchScreen.storyboard in Resources */ = {isa = PBXBuildFile; fileRef = 15EB733C1FDE27C200FC595F /* LaunchScreen.storyboard */; };
		674AA1F9CC0C3FD9F43611F5 /* Pods_joe_tonder.framework in Frameworks */ = {isa = PBXBuildFile; fileRef = E3B5F837610D7F37D7173637 /* Pods_joe_tonder.framework */; };
/* End PBXBuildFile section */

/* Begin PBXFileReference section */
		15314F911FE2E43D00F91980 /* matchTableViewCell.swift */ = {isa = PBXFileReference; lastKnownFileType = sourcecode.swift; path = matchTableViewCell.swift; sourceTree = "<group>"; };
		159AA7E91FDF1657009084A1 /* loginViewController.swift */ = {isa = PBXFileReference; lastKnownFileType = sourcecode.swift; path = loginViewController.swift; sourceTree = "<group>"; };
		159AA7EB1FDF4F8C009084A1 /* user.png */ = {isa = PBXFileReference; lastKnownFileType = image.png; path = user.png; sourceTree = SOURCE_ROOT; };
		159AA7EF1FDF50C7009084A1 /* updateViewController.swift */ = {isa = PBXFileReference; lastKnownFileType = sourcecode.swift; name = updateViewController.swift; path = "/Users/JoeSloan/Documents/Learning iOS/Rob Percival/joe-tonder/joe-tonder/updateViewController.swift"; sourceTree = "<absolute>"; };
		15D925451FE1E132001D58E7 /* matchesViewController.swift */ = {isa = PBXFileReference; lastKnownFileType = sourcecode.swift; path = matchesViewController.swift; sourceTree = "<group>"; };
		15EB73301FDE27C200FC595F /* joe-tonder.app */ = {isa = PBXFileReference; explicitFileType = wrapper.application; includeInIndex = 0; path = "joe-tonder.app"; sourceTree = BUILT_PRODUCTS_DIR; };
		15EB73331FDE27C200FC595F /* AppDelegate.swift */ = {isa = PBXFileReference; lastKnownFileType = sourcecode.swift; path = AppDelegate.swift; sourceTree = "<group>"; };
		15EB73351FDE27C200FC595F /* ViewController.swift */ = {isa = PBXFileReference; lastKnownFileType = sourcecode.swift; path = ViewController.swift; sourceTree = "<group>"; };
		15EB73381FDE27C200FC595F /* Base */ = {isa = PBXFileReference; lastKnownFileType = file.storyboard; name = Base; path = Base.lproj/Main.storyboard; sourceTree = "<group>"; };
		15EB733A1FDE27C200FC595F /* Assets.xcassets */ = {isa = PBXFileReference; lastKnownFileType = folder.assetcatalog; path = Assets.xcassets; sourceTree = "<group>"; };
		15EB733D1FDE27C200FC595F /* Base */ = {isa = PBXFileReference; lastKnownFileType = file.storyboard; name = Base; path = Base.lproj/LaunchScreen.storyboard; sourceTree = "<group>"; };
		15EB733F1FDE27C200FC595F /* Info.plist */ = {isa = PBXFileReference; lastKnownFileType = text.plist.xml; path = Info.plist; sourceTree = "<group>"; };
		DE7D439D234112B42C97C803 /* Pods-joe-tonder.release.xcconfig */ = {isa = PBXFileReference; includeInIndex = 1; lastKnownFileType = text.xcconfig; name = "Pods-joe-tonder.release.xcconfig"; path = "Pods/Target Support Files/Pods-joe-tonder/Pods-joe-tonder.release.xcconfig"; sourceTree = "<group>"; };
		E3B5F837610D7F37D7173637 /* Pods_joe_tonder.framework */ = {isa = PBXFileReference; explicitFileType = wrapper.framework; includeInIndex = 0; path = Pods_joe_tonder.framework; sourceTree = BUILT_PRODUCTS_DIR; };
		E6925ACD218E7139BFB10678 /* Pods-joe-tonder.debug.xcconfig */ = {isa = PBXFileReference; includeInIndex = 1; lastKnownFileType = text.xcconfig; name = "Pods-joe-tonder.debug.xcconfig"; path = "Pods/Target Support Files/Pods-joe-tonder/Pods-joe-tonder.debug.xcconfig"; sourceTree = "<group>"; };
/* End PBXFileReference section */

/* Begin PBXFrameworksBuildPhase section */
		15EB732D1FDE27C200FC595F /* Frameworks */ = {
			isa = PBXFrameworksBuildPhase;
			buildActionMask = 2147483647;
			files = (
				674AA1F9CC0C3FD9F43611F5 /* Pods_joe_tonder.framework in Frameworks */,
			);
			runOnlyForDeploymentPostprocessing = 0;
		};
/* End PBXFrameworksBuildPhase section */

/* Begin PBXGroup section */
		15EB73271FDE27C200FC595F = {
			isa = PBXGroup;
			children = (
				15EB73321FDE27C200FC595F /* joe-tonder */,
				15EB73311FDE27C200FC595F /* Products */,
				6E5A46F3D2AACC2078054112 /* Pods */,
				E7C211228B1F4DECD348AB4D /* Frameworks */,
			);
			sourceTree = "<group>";
		};
		15EB73311FDE27C200FC595F /* Products */ = {
			isa = PBXGroup;
			children = (
				15EB73301FDE27C200FC595F /* joe-tonder.app */,
			);
			name = Products;
			sourceTree = "<group>";
		};
		15EB73321FDE27C200FC595F /* joe-tonder */ = {
			isa = PBXGroup;
			children = (
				15EB73331FDE27C200FC595F /* AppDelegate.swift */,
				15D925451FE1E132001D58E7 /* matchesViewController.swift */,
				15EB73351FDE27C200FC595F /* ViewController.swift */,
				15EB73371FDE27C200FC595F /* Main.storyboard */,
				15314F911FE2E43D00F91980 /* matchTableViewCell.swift */,
				159AA7E91FDF1657009084A1 /* loginViewController.swift */,
				159AA7EF1FDF50C7009084A1 /* updateViewController.swift */,
				15EB733A1FDE27C200FC595F /* Assets.xcassets */,
				15EB733C1FDE27C200FC595F /* LaunchScreen.storyboard */,
				15EB733F1FDE27C200FC595F /* Info.plist */,
				159AA7EB1FDF4F8C009084A1 /* user.png */,
			);
			path = "joe-tonder";
			sourceTree = "<group>";
		};
		6E5A46F3D2AACC2078054112 /* Pods */ = {
			isa = PBXGroup;
			children = (
				E6925ACD218E7139BFB10678 /* Pods-joe-tonder.debug.xcconfig */,
				DE7D439D234112B42C97C803 /* Pods-joe-tonder.release.xcconfig */,
			);
			name = Pods;
			sourceTree = "<group>";
		};
		E7C211228B1F4DECD348AB4D /* Frameworks */ = {
			isa = PBXGroup;
			children = (
				E3B5F837610D7F37D7173637 /* Pods_joe_tonder.framework */,
			);
			name = Frameworks;
			sourceTree = "<group>";
		};
/* End PBXGroup section */

/* Begin PBXNativeTarget section */
		15EB732F1FDE27C200FC595F /* joe-tonder */ = {
			isa = PBXNativeTarget;
			buildConfigurationList = 15EB73421FDE27C200FC595F /* Build configuration list for PBXNativeTarget "joe-tonder" */;
			buildPhases = (
				EDDF37A4413A481AB06C2B1A /* [CP] Check Pods Manifest.lock */,
				15EB732C1FDE27C200FC595F /* Sources */,
				15EB732D1FDE27C200FC595F /* Frameworks */,
				15EB732E1FDE27C200FC595F /* Resources */,
				0CD24AA91AF3F0373595FA90 /* [CP] Embed Pods Frameworks */,
				26BDC6773DFD4C5B25F77DBD /* [CP] Copy Pods Resources */,
			);
			buildRules = (
			);
			dependencies = (
			);
			name = "joe-tonder";
			productName = "joe-tonder";
			productReference = 15EB73301FDE27C200FC595F /* joe-tonder.app */;
			productType = "com.apple.product-type.application";
		};
/* End PBXNativeTarget section */

/* Begin PBXProject section */
		15EB73281FDE27C200FC595F /* Project object */ = {
			isa = PBXProject;
			attributes = {
				LastSwiftUpdateCheck = 0920;
				LastUpgradeCheck = 0920;
				ORGANIZATIONNAME = "Joe Sloan";
				TargetAttributes = {
					15EB732F1FDE27C200FC595F = {
						CreatedOnToolsVersion = 9.2;
						ProvisioningStyle = Automatic;
					};
				};
			};
			buildConfigurationList = 15EB732B1FDE27C200FC595F /* Build configuration list for PBXProject "joe-tonder" */;
			compatibilityVersion = "Xcode 8.0";
			developmentRegion = en;
			hasScannedForEncodings = 0;
			knownRegions = (
				en,
				Base,
			);
			mainGroup = 15EB73271FDE27C200FC595F;
			productRefGroup = 15EB73311FDE27C200FC595F /* Products */;
			projectDirPath = "";
			projectRoot = "";
			targets = (
				15EB732F1FDE27C200FC595F /* joe-tonder */,
			);
		};
/* End PBXProject section */

/* Begin PBXResourcesBuildPhase section */
		15EB732E1FDE27C200FC595F /* Resources */ = {
			isa = PBXResourcesBuildPhase;
			buildActionMask = 2147483647;
			files = (
				15EB733E1FDE27C200FC595F /* LaunchScreen.storyboard in Resources */,
				15EB733B1FDE27C200FC595F /* Assets.xcassets in Resources */,
				159AA7EC1FDF4F8C009084A1 /* user.png in Resources */,
				15EB73391FDE27C200FC595F /* Main.storyboard in Resources */,
			);
			runOnlyForDeploymentPostprocessing = 0;
		};
/* End PBXResourcesBuildPhase section */

/* Begin PBXShellScriptBuildPhase section */
		0CD24AA91AF3F0373595FA90 /* [CP] Embed Pods Frameworks */ = {
			isa = PBXShellScriptBuildPhase;
			buildActionMask = 2147483647;
			files = (
			);
			inputPaths = (
			);
			name = "[CP] Embed Pods Frameworks";
			outputPaths = (
			);
			runOnlyForDeploymentPostprocessing = 0;
			shellPath = /bin/sh;
			shellScript = "\"${SRCROOT}/Pods/Target Support Files/Pods-joe-tonder/Pods-joe-tonder-frameworks.sh\"\n";
			showEnvVarsInLog = 0;
		};
		26BDC6773DFD4C5B25F77DBD /* [CP] Copy Pods Resources */ = {
			isa = PBXShellScriptBuildPhase;
			buildActionMask = 2147483647;
			files = (
			);
			inputPaths = (
			);
			name = "[CP] Copy Pods Resources";
			outputPaths = (
			);
			runOnlyForDeploymentPostprocessing = 0;
			shellPath = /bin/sh;
			shellScript = "\"${SRCROOT}/Pods/Target Support Files/Pods-joe-tonder/Pods-joe-tonder-resources.sh\"\n";
			showEnvVarsInLog = 0;
		};
		EDDF37A4413A481AB06C2B1A /* [CP] Check Pods Manifest.lock */ = {
			isa = PBXShellScriptBuildPhase;
			buildActionMask = 2147483647;
			files = (
			);
			inputPaths = (
			);
			name = "[CP] Check Pods Manifest.lock";
			outputPaths = (
			);
			runOnlyForDeploymentPostprocessing = 0;
			shellPath = /bin/sh;
			shellScript = "diff \"${PODS_ROOT}/../Podfile.lock\" \"${PODS_ROOT}/Manifest.lock\" > /dev/null\nif [ $? != 0 ] ; then\n    # print error to STDERR\n    echo \"error: The sandbox is not in sync with the Podfile.lock. Run 'pod install' or update your CocoaPods installation.\" >&2\n    exit 1\nfi\n";
			showEnvVarsInLog = 0;
		};
/* End PBXShellScriptBuildPhase section */

/* Begin PBXSourcesBuildPhase section */
		15EB732C1FDE27C200FC595F /* Sources */ = {
			isa = PBXSourcesBuildPhase;
			buildActionMask = 2147483647;
			files = (
				15EB73361FDE27C200FC595F /* ViewController.swift in Sources */,
				15EB73341FDE27C200FC595F /* AppDelegate.swift in Sources */,
				159AA7EA1FDF1657009084A1 /* loginViewController.swift in Sources */,
				15314F921FE2E43D00F91980 /* matchTableViewCell.swift in Sources */,
				15D925461FE1E132001D58E7 /* matchesViewController.swift in Sources */,
				159AA7F01FDF50C7009084A1 /* updateViewController.swift in Sources */,
			);
			runOnlyForDeploymentPostprocessing = 0;
		};
/* End PBXSourcesBuildPhase section */

/* Begin PBXVariantGroup section */
		15EB73371FDE27C200FC595F /* Main.storyboard */ = {
			isa = PBXVariantGroup;
			children = (
				15EB73381FDE27C200FC595F /* Base */,
			);
			name = Main.storyboard;
			sourceTree = "<group>";
		};
		15EB733C1FDE27C200FC595F /* LaunchScreen.storyboard */ = {
			isa = PBXVariantGroup;
			children = (
				15EB733D1FDE27C200FC595F /* Base */,
			);
			name = LaunchScreen.storyboard;
			sourceTree = "<group>";
		};
/* End PBXVariantGroup section */

/* Begin XCBuildConfiguration section */
		15EB73401FDE27C200FC595F /* Debug */ = {
			isa = XCBuildConfiguration;
			buildSettings = {
				ALWAYS_SEARCH_USER_PATHS = NO;
				CLANG_ANALYZER_NONNULL = YES;
				CLANG_ANALYZER_NUMBER_OBJECT_CONVERSION = YES_AGGRESSIVE;
				CLANG_CXX_LANGUAGE_STANDARD = "gnu++14";
				CLANG_CXX_LIBRARY = "libc++";
				CLANG_ENABLE_MODULES = YES;
				CLANG_ENABLE_OBJC_ARC = YES;
				CLANG_WARN_BLOCK_CAPTURE_AUTORELEASING = YES;
				CLANG_WARN_BOOL_CONVERSION = YES;
				CLANG_WARN_COMMA = YES;
				CLANG_WARN_CONSTANT_CONVERSION = YES;
				CLANG_WARN_DIRECT_OBJC_ISA_USAGE = YES_ERROR;
				CLANG_WARN_DOCUMENTATION_COMMENTS = YES;
				CLANG_WARN_EMPTY_BODY = YES;
				CLANG_WARN_ENUM_CONVERSION = YES;
				CLANG_WARN_INFINITE_RECURSION = YES;
				CLANG_WARN_INT_CONVERSION = YES;
				CLANG_WARN_NON_LITERAL_NULL_CONVERSION = YES;
				CLANG_WARN_OBJC_LITERAL_CONVERSION = YES;
				CLANG_WARN_OBJC_ROOT_CLASS = YES_ERROR;
				CLANG_WARN_RANGE_LOOP_ANALYSIS = YES;
				CLANG_WARN_STRICT_PROTOTYPES = YES;
				CLANG_WARN_SUSPICIOUS_MOVE = YES;
				CLANG_WARN_UNGUARDED_AVAILABILITY = YES_AGGRESSIVE;
				CLANG_WARN_UNREACHABLE_CODE = YES;
				CLANG_WARN__DUPLICATE_METHOD_MATCH = YES;
				CODE_SIGN_IDENTITY = "iPhone Developer";
				COPY_PHASE_STRIP = NO;
				DEBUG_INFORMATION_FORMAT = dwarf;
				ENABLE_STRICT_OBJC_MSGSEND = YES;
				ENABLE_TESTABILITY = YES;
				GCC_C_LANGUAGE_STANDARD = gnu11;
				GCC_DYNAMIC_NO_PIC = NO;
				GCC_NO_COMMON_BLOCKS = YES;
				GCC_OPTIMIZATION_LEVEL = 0;
				GCC_PREPROCESSOR_DEFINITIONS = (
					"DEBUG=1",
					"$(inherited)",
				);
				GCC_WARN_64_TO_32_BIT_CONVERSION = YES;
				GCC_WARN_ABOUT_RETURN_TYPE = YES_ERROR;
				GCC_WARN_UNDECLARED_SELECTOR = YES;
				GCC_WARN_UNINITIALIZED_AUTOS = YES_AGGRESSIVE;
				GCC_WARN_UNUSED_FUNCTION = YES;
				GCC_WARN_UNUSED_VARIABLE = YES;
				IPHONEOS_DEPLOYMENT_TARGET = 11.2;
				MTL_ENABLE_DEBUG_INFO = YES;
				ONLY_ACTIVE_ARCH = YES;
				SDKROOT = iphoneos;
				SWIFT_ACTIVE_COMPILATION_CONDITIONS = DEBUG;
				SWIFT_OPTIMIZATION_LEVEL = "-Onone";
			};
			name = Debug;
		};
		15EB73411FDE27C200FC595F /* Release */ = {
			isa = XCBuildConfiguration;
			buildSettings = {
				ALWAYS_SEARCH_USER_PATHS = NO;
				CLANG_ANALYZER_NONNULL = YES;
				CLANG_ANALYZER_NUMBER_OBJECT_CONVERSION = YES_AGGRESSIVE;
				CLANG_CXX_LANGUAGE_STANDARD = "gnu++14";
				CLANG_CXX_LIBRARY = "libc++";
				CLANG_ENABLE_MODULES = YES;
				CLANG_ENABLE_OBJC_ARC = YES;
				CLANG_WARN_BLOCK_CAPTURE_AUTORELEASING = YES;
				CLANG_WARN_BOOL_CONVERSION = YES;
				CLANG_WARN_COMMA = YES;
				CLANG_WARN_CONSTANT_CONVERSION = YES;
				CLANG_WARN_DIRECT_OBJC_ISA_USAGE = YES_ERROR;
				CLANG_WARN_DOCUMENTATION_COMMENTS = YES;
				CLANG_WARN_EMPTY_BODY = YES;
				CLANG_WARN_ENUM_CONVERSION = YES;
				CLANG_WARN_INFINITE_RECURSION = YES;
				CLANG_WARN_INT_CONVERSION = YES;
				CLANG_WARN_NON_LITERAL_NULL_CONVERSION = YES;
				CLANG_WARN_OBJC_LITERAL_CONVERSION = YES;
				CLANG_WARN_OBJC_ROOT_CLASS = YES_ERROR;
				CLANG_WARN_RANGE_LOOP_ANALYSIS = YES;
				CLANG_WARN_STRICT_PROTOTYPES = YES;
				CLANG_WARN_SUSPICIOUS_MOVE = YES;
				CLANG_WARN_UNGUARDED_AVAILABILITY = YES_AGGRESSIVE;
				CLANG_WARN_UNREACHABLE_CODE = YES;
				CLANG_WARN__DUPLICATE_METHOD_MATCH = YES;
				CODE_SIGN_IDENTITY = "iPhone Developer";
				COPY_PHASE_STRIP = NO;
				DEBUG_INFORMATION_FORMAT = "dwarf-with-dsym";
				ENABLE_NS_ASSERTIONS = NO;
				ENABLE_STRICT_OBJC_MSGSEND = YES;
				GCC_C_LANGUAGE_STANDARD = gnu11;
				GCC_NO_COMMON_BLOCKS = YES;
				GCC_WARN_64_TO_32_BIT_CONVERSION = YES;
				GCC_WARN_ABOUT_RETURN_TYPE = YES_ERROR;
				GCC_WARN_UNDECLARED_SELECTOR = YES;
				GCC_WARN_UNINITIALIZED_AUTOS = YES_AGGRESSIVE;
				GCC_WARN_UNUSED_FUNCTION = YES;
				GCC_WARN_UNUSED_VARIABLE = YES;
				IPHONEOS_DEPLOYMENT_TARGET = 11.2;
				MTL_ENABLE_DEBUG_INFO = NO;
				SDKROOT = iphoneos;
				SWIFT_OPTIMIZATION_LEVEL = "-Owholemodule";
				VALIDATE_PRODUCT = YES;
			};
			name = Release;
		};
		15EB73431FDE27C200FC595F /* Debug */ = {
			isa = XCBuildConfiguration;
			baseConfigurationReference = E6925ACD218E7139BFB10678 /* Pods-joe-tonder.debug.xcconfig */;
			buildSettings = {
				ASSETCATALOG_COMPILER_APPICON_NAME = AppIcon;
				CODE_SIGN_STYLE = Automatic;
				INFOPLIST_FILE = "joe-tonder/Info.plist";
				LD_RUNPATH_SEARCH_PATHS = "$(inherited) @executable_path/Frameworks";
				PRODUCT_BUNDLE_IDENTIFIER = "com.joesloan.joe-tonder";
				PRODUCT_NAME = "$(TARGET_NAME)";
				SWIFT_VERSION = 4.0;
				TARGETED_DEVICE_FAMILY = "1,2";
			};
			name = Debug;
		};
		15EB73441FDE27C200FC595F /* Release */ = {
			isa = XCBuildConfiguration;
			baseConfigurationReference = DE7D439D234112B42C97C803 /* Pods-joe-tonder.release.xcconfig */;
			buildSettings = {
				ASSETCATALOG_COMPILER_APPICON_NAME = AppIcon;
				CODE_SIGN_STYLE = Automatic;
				INFOPLIST_FILE = "joe-tonder/Info.plist";
				LD_RUNPATH_SEARCH_PATHS = "$(inherited) @executable_path/Frameworks";
				PRODUCT_BUNDLE_IDENTIFIER = "com.joesloan.joe-tonder";
				PRODUCT_NAME = "$(TARGET_NAME)";
				SWIFT_VERSION = 4.0;
				TARGETED_DEVICE_FAMILY = "1,2";
			};
			name = Release;
		};
/* End XCBuildConfiguration section */

/* Begin XCConfigurationList section */
		15EB732B1FDE27C200FC595F /* Build configuration list for PBXProject "joe-tonder" */ = {
			isa = XCConfigurationList;
			buildConfigurations = (
				15EB73401FDE27C200FC595F /* Debug */,
				15EB73411FDE27C200FC595F /* Release */,
			);
			defaultConfigurationIsVisible = 0;
			defaultConfigurationName = Release;
		};
		15EB73421FDE27C200FC595F /* Build configuration list for PBXNativeTarget "joe-tonder" */ = {
			isa = XCConfigurationList;
			buildConfigurations = (
				15EB73431FDE27C200FC595F /* Debug */,
				15EB73441FDE27C200FC595F /* Release */,
			);
			defaultConfigurationIsVisible = 0;
			defaultConfigurationName = Release;
		};
/* End XCConfigurationList section */
	};
	rootObject = 15EB73281FDE27C200FC595F /* Project object */;
}
